
Microsoft Visual Studio Solution File, Format Version 12.00
# Visual Studio Version 16
VisualStudioVersion = 16.0.30621.155
MinimumVisualStudioVersion = 10.0.40219.1
Project("{8BC9CEB8-8B4A-11D0-8D11-00A0C91BC942}") = "Hello World", "Hello World\Hello World.vcxproj", "{A85F127B-8715-4A9B-8046-273DB30B76F3}"
EndProject
Project("{8BC9CEB8-8B4A-11D0-8D11-00A0C91BC942}") = "Mystere", "Mystere\Mystere.vcxproj", "{D0F4D8A2-547E-4F40-A299-D0C67224D9D8}"
EndProject
Project("{8BC9CEB8-8B4A-11D0-8D11-00A0C91BC942}") = "memoryInCpp", "memoryInCpp\memoryInCpp.vcxproj", "{199D8448-3D25-4FF5-88EC-18B06B0D74EE}"
EndProject
Project("{8BC9CEB8-8B4A-11D0-8D11-00A0C91BC942}") = "DumbChat", "DumbChat\DumbChat.vcxproj", "{D8DCF312-DE51-4B08-BA93-79647A797260}"
EndProject
Project("{8BC9CEB8-8B4A-11D0-8D11-00A0C91BC942}") = "Partie1-1", "Partie1-1\Partie1-1.vcxproj", "{FF71D6E0-F742-4264-9729-77B95F3392C3}"
EndProject
Project("{8BC9CEB8-8B4A-11D0-8D11-00A0C91BC942}") = "Partie1-2", "Partie1-2\Partie1-2.vcxproj", "{2CA413E4-CBB5-4233-9DEE-1717F9982C10}"
EndProject
Project("{8BC9CEB8-8B4A-11D0-8D11-00A0C91BC942}") = "Partie1-3", "Partie1-3\Partie1-3.vcxproj", "{B0F668E9-159E-47FF-A55B-E50C7355C7F3}"
EndProject
Project("{8BC9CEB8-8B4A-11D0-8D11-00A0C91BC942}") = "Partie1-4", "Partie1-4\Partie1-4.vcxproj", "{E284B20E-61FB-492C-96BD-45F43DC8FC6B}"
EndProject
Project("{8BC9CEB8-8B4A-11D0-8D11-00A0C91BC942}") = "Partie2-1", "Partie2-1\Partie2-1.vcxproj", "{5157A86B-360A-46F9-B143-0FEA5872831F}"
EndProject
Global
	GlobalSection(SolutionConfigurationPlatforms) = preSolution
		Debug|x64 = Debug|x64
		Debug|x86 = Debug|x86
		Release|x64 = Release|x64
		Release|x86 = Release|x86
	EndGlobalSection
	GlobalSection(ProjectConfigurationPlatforms) = postSolution
		{A85F127B-8715-4A9B-8046-273DB30B76F3}.Debug|x64.ActiveCfg = Debug|x64
		{A85F127B-8715-4A9B-8046-273DB30B76F3}.Debug|x64.Build.0 = Debug|x64
		{A85F127B-8715-4A9B-8046-273DB30B76F3}.Debug|x86.ActiveCfg = Debug|Win32
		{A85F127B-8715-4A9B-8046-273DB30B76F3}.Debug|x86.Build.0 = Debug|Win32
		{A85F127B-8715-4A9B-8046-273DB30B76F3}.Release|x64.ActiveCfg = Release|x64
		{A85F127B-8715-4A9B-8046-273DB30B76F3}.Release|x64.Build.0 = Release|x64
		{A85F127B-8715-4A9B-8046-273DB30B76F3}.Release|x86.ActiveCfg = Release|Win32
		{A85F127B-8715-4A9B-8046-273DB30B76F3}.Release|x86.Build.0 = Release|Win32
		{D0F4D8A2-547E-4F40-A299-D0C67224D9D8}.Debug|x64.ActiveCfg = Debug|x64
		{D0F4D8A2-547E-4F40-A299-D0C67224D9D8}.Debug|x64.Build.0 = Debug|x64
		{D0F4D8A2-547E-4F40-A299-D0C67224D9D8}.Debug|x86.ActiveCfg = Debug|Win32
		{D0F4D8A2-547E-4F40-A299-D0C67224D9D8}.Debug|x86.Build.0 = Debug|Win32
		{D0F4D8A2-547E-4F40-A299-D0C67224D9D8}.Release|x64.ActiveCfg = Release|x64
		{D0F4D8A2-547E-4F40-A299-D0C67224D9D8}.Release|x64.Build.0 = Release|x64
		{D0F4D8A2-547E-4F40-A299-D0C67224D9D8}.Release|x86.ActiveCfg = Release|Win32
		{D0F4D8A2-547E-4F40-A299-D0C67224D9D8}.Release|x86.Build.0 = Release|Win32
		{199D8448-3D25-4FF5-88EC-18B06B0D74EE}.Debug|x64.ActiveCfg = Debug|x64
		{199D8448-3D25-4FF5-88EC-18B06B0D74EE}.Debug|x64.Build.0 = Debug|x64
		{199D8448-3D25-4FF5-88EC-18B06B0D74EE}.Debug|x86.ActiveCfg = Debug|Win32
		{199D8448-3D25-4FF5-88EC-18B06B0D74EE}.Debug|x86.Build.0 = Debug|Win32
		{199D8448-3D25-4FF5-88EC-18B06B0D74EE}.Release|x64.ActiveCfg = Release|x64
		{199D8448-3D25-4FF5-88EC-18B06B0D74EE}.Release|x64.Build.0 = Release|x64
		{199D8448-3D25-4FF5-88EC-18B06B0D74EE}.Release|x86.ActiveCfg = Release|Win32
		{199D8448-3D25-4FF5-88EC-18B06B0D74EE}.Release|x86.Build.0 = Release|Win32
		{D8DCF312-DE51-4B08-BA93-79647A797260}.Debug|x64.ActiveCfg = Debug|x64
		{D8DCF312-DE51-4B08-BA93-79647A797260}.Debug|x64.Build.0 = Debug|x64
		{D8DCF312-DE51-4B08-BA93-79647A797260}.Debug|x86.ActiveCfg = Debug|Win32
		{D8DCF312-DE51-4B08-BA93-79647A797260}.Debug|x86.Build.0 = Debug|Win32
		{D8DCF312-DE51-4B08-BA93-79647A797260}.Release|x64.ActiveCfg = Release|x64
		{D8DCF312-DE51-4B08-BA93-79647A797260}.Release|x64.Build.0 = Release|x64
		{D8DCF312-DE51-4B08-BA93-79647A797260}.Release|x86.ActiveCfg = Release|Win32
		{D8DCF312-DE51-4B08-BA93-79647A797260}.Release|x86.Build.0 = Release|Win32
		{FF71D6E0-F742-4264-9729-77B95F3392C3}.Debug|x64.ActiveCfg = Debug|x64
		{FF71D6E0-F742-4264-9729-77B95F3392C3}.Debug|x64.Build.0 = Debug|x64
		{FF71D6E0-F742-4264-9729-77B95F3392C3}.Debug|x86.ActiveCfg = Debug|Win32
		{FF71D6E0-F742-4264-9729-77B95F3392C3}.Debug|x86.Build.0 = Debug|Win32
		{FF71D6E0-F742-4264-9729-77B95F3392C3}.Release|x64.ActiveCfg = Release|x64
		{FF71D6E0-F742-4264-9729-77B95F3392C3}.Release|x64.Build.0 = Release|x64
		{FF71D6E0-F742-4264-9729-77B95F3392C3}.Release|x86.ActiveCfg = Release|Win32
		{FF71D6E0-F742-4264-9729-77B95F3392C3}.Release|x86.Build.0 = Release|Win32
		{2CA413E4-CBB5-4233-9DEE-1717F9982C10}.Debug|x64.ActiveCfg = Debug|x64
		{2CA413E4-CBB5-4233-9DEE-1717F9982C10}.Debug|x64.Build.0 = Debug|x64
		{2CA413E4-CBB5-4233-9DEE-1717F9982C10}.Debug|x86.ActiveCfg = Debug|Win32
		{2CA413E4-CBB5-4233-9DEE-1717F9982C10}.Debug|x86.Build.0 = Debug|Win32
		{2CA413E4-CBB5-4233-9DEE-1717F9982C10}.Release|x64.ActiveCfg = Release|x64
		{2CA413E4-CBB5-4233-9DEE-1717F9982C10}.Release|x64.Build.0 = Release|x64
		{2CA413E4-CBB5-4233-9DEE-1717F9982C10}.Release|x86.ActiveCfg = Release|Win32
		{2CA413E4-CBB5-4233-9DEE-1717F9982C10}.Release|x86.Build.0 = Release|Win32
		{B0F668E9-159E-47FF-A55B-E50C7355C7F3}.Debug|x64.ActiveCfg = Debug|x64
		{B0F668E9-159E-47FF-A55B-E50C7355C7F3}.Debug|x64.Build.0 = Debug|x64
		{B0F668E9-159E-47FF-A55B-E50C7355C7F3}.Debug|x86.ActiveCfg = Debug|Win32
		{B0F668E9-159E-47FF-A55B-E50C7355C7F3}.Debug|x86.Build.0 = Debug|Win32
		{B0F668E9-159E-47FF-A55B-E50C7355C7F3}.Release|x64.ActiveCfg = Release|x64
		{B0F668E9-159E-47FF-A55B-E50C7355C7F3}.Release|x64.Build.0 = Release|x64
		{B0F668E9-159E-47FF-A55B-E50C7355C7F3}.Release|x86.ActiveCfg = Release|Win32
		{B0F668E9-159E-47FF-A55B-E50C7355C7F3}.Release|x86.Build.0 = Release|Win32
		{E284B20E-61FB-492C-96BD-45F43DC8FC6B}.Debug|x64.ActiveCfg = Debug|x64
		{E284B20E-61FB-492C-96BD-45F43DC8FC6B}.Debug|x64.Build.0 = Debug|x64
		{E284B20E-61FB-492C-96BD-45F43DC8FC6B}.Debug|x86.ActiveCfg = Debug|Win32
		{E284B20E-61FB-492C-96BD-45F43DC8FC6B}.Debug|x86.Build.0 = Debug|Win32
		{E284B20E-61FB-492C-96BD-45F43DC8FC6B}.Release|x64.ActiveCfg = Release|x64
		{E284B20E-61FB-492C-96BD-45F43DC8FC6B}.Release|x64.Build.0 = Release|x64
		{E284B20E-61FB-492C-96BD-45F43DC8FC6B}.Release|x86.ActiveCfg = Release|Win32
		{E284B20E-61FB-492C-96BD-45F43DC8FC6B}.Release|x86.Build.0 = Release|Win32
		{5157A86B-360A-46F9-B143-0FEA5872831F}.Debug|x64.ActiveCfg = Debug|x64
		{5157A86B-360A-46F9-B143-0FEA5872831F}.Debug|x64.Build.0 = Debug|x64
		{5157A86B-360A-46F9-B143-0FEA5872831F}.Debug|x86.ActiveCfg = Debug|Win32
		{5157A86B-360A-46F9-B143-0FEA5872831F}.Debug|x86.Build.0 = Debug|Win32
		{5157A86B-360A-46F9-B143-0FEA5872831F}.Release|x64.ActiveCfg = Release|x64
		{5157A86B-360A-46F9-B143-0FEA5872831F}.Release|x64.Build.0 = Release|x64
		{5157A86B-360A-46F9-B143-0FEA5872831F}.Release|x86.ActiveCfg = Release|Win32
		{5157A86B-360A-46F9-B143-0FEA5872831F}.Release|x86.Build.0 = Release|Win32
	EndGlobalSection
	GlobalSection(SolutionProperties) = preSolution
		HideSolutionNode = FALSE
	EndGlobalSection
	GlobalSection(ExtensibilityGlobals) = postSolution
		SolutionGuid = {1BD5AEE6-0823-48FA-A07B-D9A242C3C9C1}
	EndGlobalSection
EndGlobal
